
Microsoft Visual Studio Solution File, Format Version 10.00
# Visual Studio 2008
Project("{8BC9CEB8-8B4A-11D0-8D11-00A0C91BC942}") = "magicPayOrderServer", "magicPayOrderServer\magicPayOrderServer.vcproj", "{2380C9DF-051B-4404-815D-11382B000F87}"
EndProject
Global
	GlobalSection(SolutionConfigurationPlatforms) = preSolution
		Debug|Win32 = Debug|Win32
		Release|Win32 = Release|Win32
	EndGlobalSection
	GlobalSection(ProjectConfigurationPlatforms) = postSolution
		{2380C9DF-051B-4404-815D-11382B000F87}.Debug|Win32.ActiveCfg = Debug|Win32
		{2380C9DF-051B-4404-815D-11382B000F87}.Debug|Win32.Build.0 = Debug|Win32
		{2380C9DF-051B-4404-815D-11382B000F87}.Release|Win32.ActiveCfg = Release|Win32
		{2380C9DF-051B-4404-815D-11382B000F87}.Release|Win32.Build.0 = Release|Win32
	EndGlobalSection
	GlobalSection(SolutionProperties) = preSolution
		HideSolutionNode = FALSE
	EndGlobalSection
EndGlobal
