
Microsoft Visual Studio Solution File, Format Version 10.00
# Visual Studio 2008
Project("{8BC9CEB8-8B4A-11D0-8D11-00A0C91BC942}") = "magicCreateTable", "magicCreateTable\magicCreateTable.vcproj", "{0AADBEDE-A4C2-4DFA-A06B-C4FF8BA8EE35}"
EndProject
Project("{8BC9CEB8-8B4A-11D0-8D11-00A0C91BC942}") = "magicCreateTablePS", "magicCreateTable\magicCreateTablePS.vcproj", "{B59ADF81-2FE9-470E-B5F9-1255094FE4D2}"
	ProjectSection(ProjectDependencies) = postProject
		{0AADBEDE-A4C2-4DFA-A06B-C4FF8BA8EE35} = {0AADBEDE-A4C2-4DFA-A06B-C4FF8BA8EE35}
	EndProjectSection
EndProject
Global
	GlobalSection(SolutionConfigurationPlatforms) = preSolution
		Debug|Win32 = Debug|Win32
		Release|Win32 = Release|Win32
	EndGlobalSection
	GlobalSection(ProjectConfigurationPlatforms) = postSolution
		{0AADBEDE-A4C2-4DFA-A06B-C4FF8BA8EE35}.Debug|Win32.ActiveCfg = Debug|Win32
		{0AADBEDE-A4C2-4DFA-A06B-C4FF8BA8EE35}.Debug|Win32.Build.0 = Debug|Win32
		{0AADBEDE-A4C2-4DFA-A06B-C4FF8BA8EE35}.Release|Win32.ActiveCfg = Release|Win32
		{0AADBEDE-A4C2-4DFA-A06B-C4FF8BA8EE35}.Release|Win32.Build.0 = Release|Win32
		{B59ADF81-2FE9-470E-B5F9-1255094FE4D2}.Debug|Win32.ActiveCfg = Debug|Win32
		{B59ADF81-2FE9-470E-B5F9-1255094FE4D2}.Release|Win32.ActiveCfg = Release|Win32
	EndGlobalSection
	GlobalSection(SolutionProperties) = preSolution
		HideSolutionNode = FALSE
	EndGlobalSection
EndGlobal
